
Microsoft Visual Studio Solution File, Format Version 12.00
# Visual Studio 14
VisualStudioVersion = 14.0.24720.0
MinimumVisualStudioVersion = 10.0.40219.1
Project("{FAE04EC0-301F-11D3-BF4B-00C04F79EFBC}") = "Fiap.Exemplo02.MVC.Web", "Fiap.Exemplo02.MVC.Web\Fiap.Exemplo02.MVC.Web.csproj", "{80BC8B37-5DF0-456D-91D8-0D8832D07144}"
EndProject
Project("{00D1A9C2-B5F0-4AF3-8072-F6C62B433612}") = "Fiap.Exemplo02.Database", "Fiap.Exemplo02.Database\Fiap.Exemplo02.Database.sqlproj", "{853E3A03-58D7-4D1A-B1F1-2E5290C12B8C}"
EndProject
Global
	GlobalSection(SolutionConfigurationPlatforms) = preSolution
		Debug|Any CPU = Debug|Any CPU
		Release|Any CPU = Release|Any CPU
	EndGlobalSection
	GlobalSection(ProjectConfigurationPlatforms) = postSolution
		{80BC8B37-5DF0-456D-91D8-0D8832D07144}.Debug|Any CPU.ActiveCfg = Debug|Any CPU
		{80BC8B37-5DF0-456D-91D8-0D8832D07144}.Debug|Any CPU.Build.0 = Debug|Any CPU
		{80BC8B37-5DF0-456D-91D8-0D8832D07144}.Release|Any CPU.ActiveCfg = Release|Any CPU
		{80BC8B37-5DF0-456D-91D8-0D8832D07144}.Release|Any CPU.Build.0 = Release|Any CPU
		{853E3A03-58D7-4D1A-B1F1-2E5290C12B8C}.Debug|Any CPU.ActiveCfg = Debug|Any CPU
		{853E3A03-58D7-4D1A-B1F1-2E5290C12B8C}.Debug|Any CPU.Build.0 = Debug|Any CPU
		{853E3A03-58D7-4D1A-B1F1-2E5290C12B8C}.Debug|Any CPU.Deploy.0 = Debug|Any CPU
		{853E3A03-58D7-4D1A-B1F1-2E5290C12B8C}.Release|Any CPU.ActiveCfg = Release|Any CPU
		{853E3A03-58D7-4D1A-B1F1-2E5290C12B8C}.Release|Any CPU.Build.0 = Release|Any CPU
		{853E3A03-58D7-4D1A-B1F1-2E5290C12B8C}.Release|Any CPU.Deploy.0 = Release|Any CPU
	EndGlobalSection
	GlobalSection(SolutionProperties) = preSolution
		HideSolutionNode = FALSE
	EndGlobalSection
EndGlobal
